
Microsoft Visual Studio Solution File, Format Version 12.00
# Visual Studio Version 17
VisualStudioVersion = 17.6.33723.286
MinimumVisualStudioVersion = 10.0.40219.1
Project("{FAE04EC0-301F-11D3-BF4B-00C04F79EFBC}") = "Back-creativeNet", "Back-creativeNet\Back-creativeNet.csproj", "{B58F698B-C67F-4A99-B9BF-B2C74A4F1A5B}"
EndProject
Global
	GlobalSection(SolutionConfigurationPlatforms) = preSolution
		Debug|Any CPU = Debug|Any CPU
		Release|Any CPU = Release|Any CPU
	EndGlobalSection
	GlobalSection(ProjectConfigurationPlatforms) = postSolution
		{B58F698B-C67F-4A99-B9BF-B2C74A4F1A5B}.Debug|Any CPU.ActiveCfg = Debug|Any CPU
		{B58F698B-C67F-4A99-B9BF-B2C74A4F1A5B}.Debug|Any CPU.Build.0 = Debug|Any CPU
		{B58F698B-C67F-4A99-B9BF-B2C74A4F1A5B}.Release|Any CPU.ActiveCfg = Release|Any CPU
		{B58F698B-C67F-4A99-B9BF-B2C74A4F1A5B}.Release|Any CPU.Build.0 = Release|Any CPU
	EndGlobalSection
	GlobalSection(SolutionProperties) = preSolution
		HideSolutionNode = FALSE
	EndGlobalSection
	GlobalSection(ExtensibilityGlobals) = postSolution
		SolutionGuid = {4F13E65B-1FE7-456D-BE1D-468C102E2418}
	EndGlobalSection
EndGlobal
